// !$*UTF8*$!
{
	archiveVersion = 1;
	classes = {
	};
	objectVersion = 55;
	objects = {

/* Begin PBXBuildFile section */
		2ECB205B6C3A3AEBB60A2340 /* Pods_CryptoConverter.framework in Frameworks */ = {isa = PBXBuildFile; fileRef = 9D3C45EE04BB7880EC2B9D3E /* Pods_CryptoConverter.framework */; };
		83408AAD28259108007AC026 /* AppDelegate.swift in Sources */ = {isa = PBXBuildFile; fileRef = 83408AAC28259108007AC026 /* AppDelegate.swift */; };
		83408AAF28259108007AC026 /* SceneDelegate.swift in Sources */ = {isa = PBXBuildFile; fileRef = 83408AAE28259108007AC026 /* SceneDelegate.swift */; };
		83408AB128259108007AC026 /* MainViewController.swift in Sources */ = {isa = PBXBuildFile; fileRef = 83408AB028259108007AC026 /* MainViewController.swift */; };
		83408AB62825910C007AC026 /* Assets.xcassets in Resources */ = {isa = PBXBuildFile; fileRef = 83408AB52825910C007AC026 /* Assets.xcassets */; };
		83408AC12825914E007AC026 /* MainView.swift in Sources */ = {isa = PBXBuildFile; fileRef = 83408AC02825914E007AC026 /* MainView.swift */; };
		83408AC628268F04007AC026 /* NetworkManager.swift in Sources */ = {isa = PBXBuildFile; fileRef = 83408AC528268F04007AC026 /* NetworkManager.swift */; };
		83408ACA2826C115007AC026 /* ConversionResponseModel.swift in Sources */ = {isa = PBXBuildFile; fileRef = 83408AC92826C115007AC026 /* ConversionResponseModel.swift */; };
/* End PBXBuildFile section */

/* Begin PBXFileReference section */
		1A66F53BDB35D38625C8D439 /* Pods-CryptoConverter.release.xcconfig */ = {isa = PBXFileReference; includeInIndex = 1; lastKnownFileType = text.xcconfig; name = "Pods-CryptoConverter.release.xcconfig"; path = "Target Support Files/Pods-CryptoConverter/Pods-CryptoConverter.release.xcconfig"; sourceTree = "<group>"; };
		823AA73DDF6FA1EFC7681682 /* Pods-CryptoConverter.debug.xcconfig */ = {isa = PBXFileReference; includeInIndex = 1; lastKnownFileType = text.xcconfig; name = "Pods-CryptoConverter.debug.xcconfig"; path = "Target Support Files/Pods-CryptoConverter/Pods-CryptoConverter.debug.xcconfig"; sourceTree = "<group>"; };
		83408AA928259108007AC026 /* CryptoConverter.app */ = {isa = PBXFileReference; explicitFileType = wrapper.application; includeInIndex = 0; path = CryptoConverter.app; sourceTree = BUILT_PRODUCTS_DIR; };
		83408AAC28259108007AC026 /* AppDelegate.swift */ = {isa = PBXFileReference; lastKnownFileType = sourcecode.swift; path = AppDelegate.swift; sourceTree = "<group>"; };
		83408AAE28259108007AC026 /* SceneDelegate.swift */ = {isa = PBXFileReference; lastKnownFileType = sourcecode.swift; path = SceneDelegate.swift; sourceTree = "<group>"; };
		83408AB028259108007AC026 /* MainViewController.swift */ = {isa = PBXFileReference; lastKnownFileType = sourcecode.swift; path = MainViewController.swift; sourceTree = "<group>"; };
		83408AB52825910C007AC026 /* Assets.xcassets */ = {isa = PBXFileReference; lastKnownFileType = folder.assetcatalog; path = Assets.xcassets; sourceTree = "<group>"; };
		83408ABA2825910C007AC026 /* Info.plist */ = {isa = PBXFileReference; lastKnownFileType = text.plist.xml; path = Info.plist; sourceTree = "<group>"; };
		83408AC02825914E007AC026 /* MainView.swift */ = {isa = PBXFileReference; lastKnownFileType = sourcecode.swift; path = MainView.swift; sourceTree = "<group>"; };
		83408AC528268F04007AC026 /* NetworkManager.swift */ = {isa = PBXFileReference; lastKnownFileType = sourcecode.swift; path = NetworkManager.swift; sourceTree = "<group>"; };
		83408AC92826C115007AC026 /* ConversionResponseModel.swift */ = {isa = PBXFileReference; lastKnownFileType = sourcecode.swift; path = ConversionResponseModel.swift; sourceTree = "<group>"; };
		9D3C45EE04BB7880EC2B9D3E /* Pods_CryptoConverter.framework */ = {isa = PBXFileReference; explicitFileType = wrapper.framework; includeInIndex = 0; path = Pods_CryptoConverter.framework; sourceTree = BUILT_PRODUCTS_DIR; };
/* End PBXFileReference section */

/* Begin PBXFrameworksBuildPhase section */
		83408AA628259108007AC026 /* Frameworks */ = {
			isa = PBXFrameworksBuildPhase;
			buildActionMask = 2147483647;
			files = (
				2ECB205B6C3A3AEBB60A2340 /* Pods_CryptoConverter.framework in Frameworks */,
			);
			runOnlyForDeploymentPostprocessing = 0;
		};
/* End PBXFrameworksBuildPhase section */

/* Begin PBXGroup section */
		03CBA03D57EB6B121B8229CE /* Pods */ = {
			isa = PBXGroup;
			children = (
				823AA73DDF6FA1EFC7681682 /* Pods-CryptoConverter.debug.xcconfig */,
				1A66F53BDB35D38625C8D439 /* Pods-CryptoConverter.release.xcconfig */,
			);
			path = Pods;
			sourceTree = "<group>";
		};
		83408AA028259108007AC026 = {
			isa = PBXGroup;
			children = (
				83408AAB28259108007AC026 /* CryptoConverter */,
				83408AAA28259108007AC026 /* Products */,
				03CBA03D57EB6B121B8229CE /* Pods */,
				E28A9FBD3C2311BC9FF1F0AD /* Frameworks */,
			);
			sourceTree = "<group>";
		};
		83408AAA28259108007AC026 /* Products */ = {
			isa = PBXGroup;
			children = (
				83408AA928259108007AC026 /* CryptoConverter.app */,
			);
			name = Products;
			sourceTree = "<group>";
		};
		83408AAB28259108007AC026 /* CryptoConverter */ = {
			isa = PBXGroup;
			children = (
				83408AC228259156007AC026 /* Model */,
				83408AC428268EB3007AC026 /* View */,
				83408AC328259455007AC026 /* Controller */,
				83DDB2BE2829170800C6D6F3 /* SupportingFiles */,
			);
			path = CryptoConverter;
			sourceTree = "<group>";
		};
		83408AC228259156007AC026 /* Model */ = {
			isa = PBXGroup;
			children = (
				83408AC528268F04007AC026 /* NetworkManager.swift */,
				83408AC92826C115007AC026 /* ConversionResponseModel.swift */,
			);
			path = Model;
			sourceTree = "<group>";
		};
		83408AC328259455007AC026 /* Controller */ = {
			isa = PBXGroup;
			children = (
				83408AB028259108007AC026 /* MainViewController.swift */,
			);
			path = Controller;
			sourceTree = "<group>";
		};
		83408AC428268EB3007AC026 /* View */ = {
			isa = PBXGroup;
			children = (
				83408AC02825914E007AC026 /* MainView.swift */,
			);
			path = View;
			sourceTree = "<group>";
		};
		83DDB2BE2829170800C6D6F3 /* SupportingFiles */ = {
			isa = PBXGroup;
			children = (
				83408AAC28259108007AC026 /* AppDelegate.swift */,
				83408AAE28259108007AC026 /* SceneDelegate.swift */,
				83408AB52825910C007AC026 /* Assets.xcassets */,
				83408ABA2825910C007AC026 /* Info.plist */,
			);
			path = SupportingFiles;
			sourceTree = "<group>";
		};
		E28A9FBD3C2311BC9FF1F0AD /* Frameworks */ = {
			isa = PBXGroup;
			children = (
				9D3C45EE04BB7880EC2B9D3E /* Pods_CryptoConverter.framework */,
			);
			name = Frameworks;
			sourceTree = "<group>";
		};
/* End PBXGroup section */

/* Begin PBXNativeTarget section */
		83408AA828259108007AC026 /* CryptoConverter */ = {
			isa = PBXNativeTarget;
			buildConfigurationList = 83408ABD2825910C007AC026 /* Build configuration list for PBXNativeTarget "CryptoConverter" */;
			buildPhases = (
				36B1E18469EC92D1CB767431 /* [CP] Check Pods Manifest.lock */,
				83408AA528259108007AC026 /* Sources */,
				83408AA628259108007AC026 /* Frameworks */,
				83408AA728259108007AC026 /* Resources */,
				1E4AEEE8EFDDC239A381A94A /* [CP] Embed Pods Frameworks */,
			);
			buildRules = (
			);
			dependencies = (
			);
			name = CryptoConverter;
			productName = CryptoConverter;
			productReference = 83408AA928259108007AC026 /* CryptoConverter.app */;
			productType = "com.apple.product-type.application";
		};
/* End PBXNativeTarget section */

/* Begin PBXProject section */
		83408AA128259108007AC026 /* Project object */ = {
			isa = PBXProject;
			attributes = {
				BuildIndependentTargetsInParallel = 1;
				LastSwiftUpdateCheck = 1300;
				LastUpgradeCheck = 1300;
				TargetAttributes = {
					83408AA828259108007AC026 = {
						CreatedOnToolsVersion = 13.0;
					};
				};
			};
			buildConfigurationList = 83408AA428259108007AC026 /* Build configuration list for PBXProject "CryptoConverter" */;
			compatibilityVersion = "Xcode 13.0";
			developmentRegion = en;
			hasScannedForEncodings = 0;
			knownRegions = (
				en,
				Base,
			);
			mainGroup = 83408AA028259108007AC026;
			productRefGroup = 83408AAA28259108007AC026 /* Products */;
			projectDirPath = "";
			projectRoot = "";
			targets = (
				83408AA828259108007AC026 /* CryptoConverter */,
			);
		};
/* End PBXProject section */

/* Begin PBXResourcesBuildPhase section */
		83408AA728259108007AC026 /* Resources */ = {
			isa = PBXResourcesBuildPhase;
			buildActionMask = 2147483647;
			files = (
				83408AB62825910C007AC026 /* Assets.xcassets in Resources */,
			);
			runOnlyForDeploymentPostprocessing = 0;
		};
/* End PBXResourcesBuildPhase section */

/* Begin PBXShellScriptBuildPhase section */
		1E4AEEE8EFDDC239A381A94A /* [CP] Embed Pods Frameworks */ = {
			isa = PBXShellScriptBuildPhase;
			buildActionMask = 2147483647;
			files = (
			);
			inputFileListPaths = (
				"${PODS_ROOT}/Target Support Files/Pods-CryptoConverter/Pods-CryptoConverter-frameworks-${CONFIGURATION}-input-files.xcfilelist",
			);
			name = "[CP] Embed Pods Frameworks";
			outputFileListPaths = (
				"${PODS_ROOT}/Target Support Files/Pods-CryptoConverter/Pods-CryptoConverter-frameworks-${CONFIGURATION}-output-files.xcfilelist",
			);
			runOnlyForDeploymentPostprocessing = 0;
			shellPath = /bin/sh;
			shellScript = "\"${PODS_ROOT}/Target Support Files/Pods-CryptoConverter/Pods-CryptoConverter-frameworks.sh\"\n";
			showEnvVarsInLog = 0;
		};
		36B1E18469EC92D1CB767431 /* [CP] Check Pods Manifest.lock */ = {
			isa = PBXShellScriptBuildPhase;
			buildActionMask = 2147483647;
			files = (
			);
			inputFileListPaths = (
			);
			inputPaths = (
				"${PODS_PODFILE_DIR_PATH}/Podfile.lock",
				"${PODS_ROOT}/Manifest.lock",
			);
			name = "[CP] Check Pods Manifest.lock";
			outputFileListPaths = (
			);
			outputPaths = (
				"$(DERIVED_FILE_DIR)/Pods-CryptoConverter-checkManifestLockResult.txt",
			);
			runOnlyForDeploymentPostprocessing = 0;
			shellPath = /bin/sh;
			shellScript = "diff \"${PODS_PODFILE_DIR_PATH}/Podfile.lock\" \"${PODS_ROOT}/Manifest.lock\" > /dev/null\nif [ $? != 0 ] ; then\n    # print error to STDERR\n    echo \"error: The sandbox is not in sync with the Podfile.lock. Run 'pod install' or update your CocoaPods installation.\" >&2\n    exit 1\nfi\n# This output is used by Xcode 'outputs' to avoid re-running this script phase.\necho \"SUCCESS\" > \"${SCRIPT_OUTPUT_FILE_0}\"\n";
			showEnvVarsInLog = 0;
		};
/* End PBXShellScriptBuildPhase section */

/* Begin PBXSourcesBuildPhase section */
		83408AA528259108007AC026 /* Sources */ = {
			isa = PBXSourcesBuildPhase;
			buildActionMask = 2147483647;
			files = (
				83408AB128259108007AC026 /* MainViewController.swift in Sources */,
				83408AC12825914E007AC026 /* MainView.swift in Sources */,
				83408AC628268F04007AC026 /* NetworkManager.swift in Sources */,
				83408ACA2826C115007AC026 /* ConversionResponseModel.swift in Sources */,
				83408AAD28259108007AC026 /* AppDelegate.swift in Sources */,
				83408AAF28259108007AC026 /* SceneDelegate.swift in Sources */,
			);
			runOnlyForDeploymentPostprocessing = 0;
		};
/* End PBXSourcesBuildPhase section */

/* Begin XCBuildConfiguration section */
		83408ABB2825910C007AC026 /* Debug */ = {
			isa = XCBuildConfiguration;
			buildSettings = {
				ALWAYS_SEARCH_USER_PATHS = NO;
				CLANG_ANALYZER_NONNULL = YES;
				CLANG_ANALYZER_NUMBER_OBJECT_CONVERSION = YES_AGGRESSIVE;
				CLANG_CXX_LANGUAGE_STANDARD = "gnu++17";
				CLANG_CXX_LIBRARY = "libc++";
				CLANG_ENABLE_MODULES = YES;
				CLANG_ENABLE_OBJC_ARC = YES;
				CLANG_ENABLE_OBJC_WEAK = YES;
				CLANG_WARN_BLOCK_CAPTURE_AUTORELEASING = YES;
				CLANG_WARN_BOOL_CONVERSION = YES;
				CLANG_WARN_COMMA = YES;
				CLANG_WARN_CONSTANT_CONVERSION = YES;
				CLANG_WARN_DEPRECATED_OBJC_IMPLEMENTATIONS = YES;
				CLANG_WARN_DIRECT_OBJC_ISA_USAGE = YES_ERROR;
				CLANG_WARN_DOCUMENTATION_COMMENTS = YES;
				CLANG_WARN_EMPTY_BODY = YES;
				CLANG_WARN_ENUM_CONVERSION = YES;
				CLANG_WARN_INFINITE_RECURSION = YES;
				CLANG_WARN_INT_CONVERSION = YES;
				CLANG_WARN_NON_LITERAL_NULL_CONVERSION = YES;
				CLANG_WARN_OBJC_IMPLICIT_RETAIN_SELF = YES;
				CLANG_WARN_OBJC_LITERAL_CONVERSION = YES;
				CLANG_WARN_OBJC_ROOT_CLASS = YES_ERROR;
				CLANG_WARN_QUOTED_INCLUDE_IN_FRAMEWORK_HEADER = YES;
				CLANG_WARN_RANGE_LOOP_ANALYSIS = YES;
				CLANG_WARN_STRICT_PROTOTYPES = YES;
				CLANG_WARN_SUSPICIOUS_MOVE = YES;
				CLANG_WARN_UNGUARDED_AVAILABILITY = YES_AGGRESSIVE;
				CLANG_WARN_UNREACHABLE_CODE = YES;
				CLANG_WARN__DUPLICATE_METHOD_MATCH = YES;
				COPY_PHASE_STRIP = NO;
				DEBUG_INFORMATION_FORMAT = dwarf;
				ENABLE_STRICT_OBJC_MSGSEND = YES;
				ENABLE_TESTABILITY = YES;
				GCC_C_LANGUAGE_STANDARD = gnu11;
				GCC_DYNAMIC_NO_PIC = NO;
				GCC_NO_COMMON_BLOCKS = YES;
				GCC_OPTIMIZATION_LEVEL = 0;
				GCC_PREPROCESSOR_DEFINITIONS = (
					"DEBUG=1",
					"$(inherited)",
				);
				GCC_WARN_64_TO_32_BIT_CONVERSION = YES;
				GCC_WARN_ABOUT_RETURN_TYPE = YES_ERROR;
				GCC_WARN_UNDECLARED_SELECTOR = YES;
				GCC_WARN_UNINITIALIZED_AUTOS = YES_AGGRESSIVE;
				GCC_WARN_UNUSED_FUNCTION = YES;
				GCC_WARN_UNUSED_VARIABLE = YES;
				IPHONEOS_DEPLOYMENT_TARGET = 15.0;
				MTL_ENABLE_DEBUG_INFO = INCLUDE_SOURCE;
				MTL_FAST_MATH = YES;
				ONLY_ACTIVE_ARCH = YES;
				SDKROOT = iphoneos;
				SWIFT_ACTIVE_COMPILATION_CONDITIONS = DEBUG;
				SWIFT_OPTIMIZATION_LEVEL = "-Onone";
			};
			name = Debug;
		};
		83408ABC2825910C007AC026 /* Release */ = {
			isa = XCBuildConfiguration;
			buildSettings = {
				ALWAYS_SEARCH_USER_PATHS = NO;
				CLANG_ANALYZER_NONNULL = YES;
				CLANG_ANALYZER_NUMBER_OBJECT_CONVERSION = YES_AGGRESSIVE;
				CLANG_CXX_LANGUAGE_STANDARD = "gnu++17";
				CLANG_CXX_LIBRARY = "libc++";
				CLANG_ENABLE_MODULES = YES;
				CLANG_ENABLE_OBJC_ARC = YES;
				CLANG_ENABLE_OBJC_WEAK = YES;
				CLANG_WARN_BLOCK_CAPTURE_AUTORELEASING = YES;
				CLANG_WARN_BOOL_CONVERSION = YES;
				CLANG_WARN_COMMA = YES;
				CLANG_WARN_CONSTANT_CONVERSION = YES;
				CLANG_WARN_DEPRECATED_OBJC_IMPLEMENTATIONS = YES;
				CLANG_WARN_DIRECT_OBJC_ISA_USAGE = YES_ERROR;
				CLANG_WARN_DOCUMENTATION_COMMENTS = YES;
				CLANG_WARN_EMPTY_BODY = YES;
				CLANG_WARN_ENUM_CONVERSION = YES;
				CLANG_WARN_INFINITE_RECURSION = YES;
				CLANG_WARN_INT_CONVERSION = YES;
				CLANG_WARN_NON_LITERAL_NULL_CONVERSION = YES;
				CLANG_WARN_OBJC_IMPLICIT_RETAIN_SELF = YES;
				CLANG_WARN_OBJC_LITERAL_CONVERSION = YES;
				CLANG_WARN_OBJC_ROOT_CLASS = YES_ERROR;
				CLANG_WARN_QUOTED_INCLUDE_IN_FRAMEWORK_HEADER = YES;
				CLANG_WARN_RANGE_LOOP_ANALYSIS = YES;
				CLANG_WARN_STRICT_PROTOTYPES = YES;
				CLANG_WARN_SUSPICIOUS_MOVE = YES;
				CLANG_WARN_UNGUARDED_AVAILABILITY = YES_AGGRESSIVE;
				CLANG_WARN_UNREACHABLE_CODE = YES;
				CLANG_WARN__DUPLICATE_METHOD_MATCH = YES;
				COPY_PHASE_STRIP = NO;
				DEBUG_INFORMATION_FORMAT = "dwarf-with-dsym";
				ENABLE_NS_ASSERTIONS = NO;
				ENABLE_STRICT_OBJC_MSGSEND = YES;
				GCC_C_LANGUAGE_STANDARD = gnu11;
				GCC_NO_COMMON_BLOCKS = YES;
				GCC_WARN_64_TO_32_BIT_CONVERSION = YES;
				GCC_WARN_ABOUT_RETURN_TYPE = YES_ERROR;
				GCC_WARN_UNDECLARED_SELECTOR = YES;
				GCC_WARN_UNINITIALIZED_AUTOS = YES_AGGRESSIVE;
				GCC_WARN_UNUSED_FUNCTION = YES;
				GCC_WARN_UNUSED_VARIABLE = YES;
				IPHONEOS_DEPLOYMENT_TARGET = 15.0;
				MTL_ENABLE_DEBUG_INFO = NO;
				MTL_FAST_MATH = YES;
				SDKROOT = iphoneos;
				SWIFT_COMPILATION_MODE = wholemodule;
				SWIFT_OPTIMIZATION_LEVEL = "-O";
				VALIDATE_PRODUCT = YES;
			};
			name = Release;
		};
		83408ABE2825910C007AC026 /* Debug */ = {
			isa = XCBuildConfiguration;
			baseConfigurationReference = 823AA73DDF6FA1EFC7681682 /* Pods-CryptoConverter.debug.xcconfig */;
			buildSettings = {
				ASSETCATALOG_COMPILER_APPICON_NAME = AppIcon;
				ASSETCATALOG_COMPILER_GLOBAL_ACCENT_COLOR_NAME = AccentColor;
				CODE_SIGN_STYLE = Automatic;
				CURRENT_PROJECT_VERSION = 1;
				GENERATE_INFOPLIST_FILE = YES;
				INFOPLIST_FILE = CryptoConverter/SupportingFiles/Info.plist;
				INFOPLIST_KEY_UIApplicationSupportsIndirectInputEvents = YES;
				INFOPLIST_KEY_UILaunchStoryboardName = LaunchScreen;
				INFOPLIST_KEY_UISupportedInterfaceOrientations_iPad = "UIInterfaceOrientationPortrait UIInterfaceOrientationPortraitUpsideDown UIInterfaceOrientationLandscapeLeft UIInterfaceOrientationLandscapeRight";
				INFOPLIST_KEY_UISupportedInterfaceOrientations_iPhone = "UIInterfaceOrientationPortrait UIInterfaceOrientationLandscapeLeft UIInterfaceOrientationLandscapeRight";
				LD_RUNPATH_SEARCH_PATHS = (
					"$(inherited)",
					"@executable_path/Frameworks",
				);
				MARKETING_VERSION = 1.0;
				PRODUCT_BUNDLE_IDENTIFIER = "-.CryptoConverter";
				PRODUCT_NAME = "$(TARGET_NAME)";
				SWIFT_EMIT_LOC_STRINGS = YES;
				SWIFT_VERSION = 5.0;
				TARGETED_DEVICE_FAMILY = "1,2";
			};
			name = Debug;
		};
		83408ABF2825910C007AC026 /* Release */ = {
			isa = XCBuildConfiguration;
			baseConfigurationReference = 1A66F53BDB35D38625C8D439 /* Pods-CryptoConverter.release.xcconfig */;
			buildSettings = {
				ASSETCATALOG_COMPILER_APPICON_NAME = AppIcon;
				ASSETCATALOG_COMPILER_GLOBAL_ACCENT_COLOR_NAME = AccentColor;
				CODE_SIGN_STYLE = Automatic;
				CURRENT_PROJECT_VERSION = 1;
				GENERATE_INFOPLIST_FILE = YES;
				INFOPLIST_FILE = CryptoConverter/SupportingFiles/Info.plist;
				INFOPLIST_KEY_UIApplicationSupportsIndirectInputEvents = YES;
				INFOPLIST_KEY_UILaunchStoryboardName = LaunchScreen;
				INFOPLIST_KEY_UISupportedInterfaceOrientations_iPad = "UIInterfaceOrientationPortrait UIInterfaceOrientationPortraitUpsideDown UIInterfaceOrientationLandscapeLeft UIInterfaceOrientationLandscapeRight";
				INFOPLIST_KEY_UISupportedInterfaceOrientations_iPhone = "UIInterfaceOrientationPortrait UIInterfaceOrientationLandscapeLeft UIInterfaceOrientationLandscapeRight";
				LD_RUNPATH_SEARCH_PATHS = (
					"$(inherited)",
					"@executable_path/Frameworks",
				);
				MARKETING_VERSION = 1.0;
				PRODUCT_BUNDLE_IDENTIFIER = "-.CryptoConverter";
				PRODUCT_NAME = "$(TARGET_NAME)";
				SWIFT_EMIT_LOC_STRINGS = YES;
				SWIFT_VERSION = 5.0;
				TARGETED_DEVICE_FAMILY = "1,2";
			};
			name = Release;
		};
/* End XCBuildConfiguration section */

/* Begin XCConfigurationList section */
		83408AA428259108007AC026 /* Build configuration list for PBXProject "CryptoConverter" */ = {
			isa = XCConfigurationList;
			buildConfigurations = (
				83408ABB2825910C007AC026 /* Debug */,
				83408ABC2825910C007AC026 /* Release */,
			);
			defaultConfigurationIsVisible = 0;
			defaultConfigurationName = Release;
		};
		83408ABD2825910C007AC026 /* Build configuration list for PBXNativeTarget "CryptoConverter" */ = {
			isa = XCConfigurationList;
			buildConfigurations = (
				83408ABE2825910C007AC026 /* Debug */,
				83408ABF2825910C007AC026 /* Release */,
			);
			defaultConfigurationIsVisible = 0;
			defaultConfigurationName = Release;
		};
/* End XCConfigurationList section */
	};
	rootObject = 83408AA128259108007AC026 /* Project object */;
}
